
Microsoft Visual Studio Solution File, Format Version 12.00
# Visual Studio Version 16
VisualStudioVersion = 16.0.31829.152
MinimumVisualStudioVersion = 10.0.40219.1
Project("{FAE04EC0-301F-11D3-BF4B-00C04F79EFBC}") = "Lab16_Wpf", "Lab16_Wpf\Lab16_Wpf.csproj", "{77649140-6C98-4E68-8701-46C241FDC347}"
EndProject
Project("{FAE04EC0-301F-11D3-BF4B-00C04F79EFBC}") = "16_2WPF", "16_2WPF\16_2WPF.csproj", "{1C5B0649-6298-4FB7-B3A4-BAF9080687A7}"
EndProject
Global
	GlobalSection(SolutionConfigurationPlatforms) = preSolution
		Debug|Any CPU = Debug|Any CPU
		Release|Any CPU = Release|Any CPU
	EndGlobalSection
	GlobalSection(ProjectConfigurationPlatforms) = postSolution
		{77649140-6C98-4E68-8701-46C241FDC347}.Debug|Any CPU.ActiveCfg = Debug|Any CPU
		{77649140-6C98-4E68-8701-46C241FDC347}.Debug|Any CPU.Build.0 = Debug|Any CPU
		{77649140-6C98-4E68-8701-46C241FDC347}.Release|Any CPU.ActiveCfg = Release|Any CPU
		{77649140-6C98-4E68-8701-46C241FDC347}.Release|Any CPU.Build.0 = Release|Any CPU
		{1C5B0649-6298-4FB7-B3A4-BAF9080687A7}.Debug|Any CPU.ActiveCfg = Debug|Any CPU
		{1C5B0649-6298-4FB7-B3A4-BAF9080687A7}.Debug|Any CPU.Build.0 = Debug|Any CPU
		{1C5B0649-6298-4FB7-B3A4-BAF9080687A7}.Release|Any CPU.ActiveCfg = Release|Any CPU
		{1C5B0649-6298-4FB7-B3A4-BAF9080687A7}.Release|Any CPU.Build.0 = Release|Any CPU
	EndGlobalSection
	GlobalSection(SolutionProperties) = preSolution
		HideSolutionNode = FALSE
	EndGlobalSection
	GlobalSection(ExtensibilityGlobals) = postSolution
		SolutionGuid = {85D21EDD-479D-4980-BC6E-A952EDC230A0}
	EndGlobalSection
EndGlobal
